
Microsoft Visual Studio Solution File, Format Version 12.00
# Visual Studio Version 17
VisualStudioVersion = 17.11.35222.181
MinimumVisualStudioVersion = 10.0.40219.1
Project("{FAE04EC0-301F-11D3-BF4B-00C04F79EFBC}") = "Ehrlich.Pizza.API", "Ehrlich.Pizza.API\Ehrlich.Pizza.API.csproj", "{1FF92C72-5CF8-4C41-9C4A-42EBCE85B353}"
EndProject
Global
	GlobalSection(SolutionConfigurationPlatforms) = preSolution
		Debug|Any CPU = Debug|Any CPU
		Release|Any CPU = Release|Any CPU
	EndGlobalSection
	GlobalSection(ProjectConfigurationPlatforms) = postSolution
		{1FF92C72-5CF8-4C41-9C4A-42EBCE85B353}.Debug|Any CPU.ActiveCfg = Debug|Any CPU
		{1FF92C72-5CF8-4C41-9C4A-42EBCE85B353}.Debug|Any CPU.Build.0 = Debug|Any CPU
		{1FF92C72-5CF8-4C41-9C4A-42EBCE85B353}.Release|Any CPU.ActiveCfg = Release|Any CPU
		{1FF92C72-5CF8-4C41-9C4A-42EBCE85B353}.Release|Any CPU.Build.0 = Release|Any CPU
	EndGlobalSection
	GlobalSection(SolutionProperties) = preSolution
		HideSolutionNode = FALSE
	EndGlobalSection
	GlobalSection(ExtensibilityGlobals) = postSolution
		SolutionGuid = {65633268-31C3-464B-94C6-9B3FBD2AFB22}
	EndGlobalSection
EndGlobal
